// !$*UTF8*$!
{
	archiveVersion = 1;
	classes = {
	};
	objectVersion = 48;
	objects = {

/* Begin PBXBuildFile section */
		985AF60E1F923B0F008B5F25 /* AppDelegate.swift in Sources */ = {isa = PBXBuildFile; fileRef = 985AF60D1F923B0F008B5F25 /* AppDelegate.swift */; };
		985AF6131F923B0F008B5F25 /* Main.storyboard in Resources */ = {isa = PBXBuildFile; fileRef = 985AF6111F923B0F008B5F25 /* Main.storyboard */; };
		985AF6151F923B0F008B5F25 /* Assets.xcassets in Resources */ = {isa = PBXBuildFile; fileRef = 985AF6141F923B0F008B5F25 /* Assets.xcassets */; };
		985AF6181F923B0F008B5F25 /* LaunchScreen.storyboard in Resources */ = {isa = PBXBuildFile; fileRef = 985AF6161F923B0F008B5F25 /* LaunchScreen.storyboard */; };
		985AF6201F923E85008B5F25 /* YMAPlanetsViewController.swift in Sources */ = {isa = PBXBuildFile; fileRef = 985AF61F1F923E85008B5F25 /* YMAPlanetsViewController.swift */; };
		987792851F94FFA500A800F9 /* YMARunningTextViewController.swift in Sources */ = {isa = PBXBuildFile; fileRef = 987792841F94FFA500A800F9 /* YMARunningTextViewController.swift */; };
		987792871F95088300A800F9 /* YMAScaleCartButtonViewController.swift in Sources */ = {isa = PBXBuildFile; fileRef = 987792861F95088300A800F9 /* YMAScaleCartButtonViewController.swift */; };
		9877928B1F95146600A800F9 /* YMAAnimatedRoadViewController.swift in Sources */ = {isa = PBXBuildFile; fileRef = 9877928A1F95146600A800F9 /* YMAAnimatedRoadViewController.swift */; };
		987B78BB1F95FF0400B8EE95 /* YMAJalousieEffectViewController.swift in Sources */ = {isa = PBXBuildFile; fileRef = 987B78BA1F95FF0400B8EE95 /* YMAJalousieEffectViewController.swift */; };
		987B78BE1F9610D600B8EE95 /* iphonex.png in Sources */ = {isa = PBXBuildFile; fileRef = 987B78BD1F95FFF100B8EE95 /* iphonex.png */; };
/* End PBXBuildFile section */

/* Begin PBXFileReference section */
		985AF60A1F923B0F008B5F25 /* Animations.app */ = {isa = PBXFileReference; explicitFileType = wrapper.application; includeInIndex = 0; path = Animations.app; sourceTree = BUILT_PRODUCTS_DIR; };
		985AF60D1F923B0F008B5F25 /* AppDelegate.swift */ = {isa = PBXFileReference; lastKnownFileType = sourcecode.swift; path = AppDelegate.swift; sourceTree = "<group>"; };
		985AF6121F923B0F008B5F25 /* Base */ = {isa = PBXFileReference; lastKnownFileType = file.storyboard; name = Base; path = Base.lproj/Main.storyboard; sourceTree = "<group>"; };
		985AF6141F923B0F008B5F25 /* Assets.xcassets */ = {isa = PBXFileReference; lastKnownFileType = folder.assetcatalog; path = Assets.xcassets; sourceTree = "<group>"; };
		985AF6171F923B0F008B5F25 /* Base */ = {isa = PBXFileReference; lastKnownFileType = file.storyboard; name = Base; path = Base.lproj/LaunchScreen.storyboard; sourceTree = "<group>"; };
		985AF6191F923B0F008B5F25 /* Info.plist */ = {isa = PBXFileReference; lastKnownFileType = text.plist.xml; path = Info.plist; sourceTree = "<group>"; };
		985AF61F1F923E85008B5F25 /* YMAPlanetsViewController.swift */ = {isa = PBXFileReference; lastKnownFileType = sourcecode.swift; path = YMAPlanetsViewController.swift; sourceTree = "<group>"; };
		987792841F94FFA500A800F9 /* YMARunningTextViewController.swift */ = {isa = PBXFileReference; lastKnownFileType = sourcecode.swift; path = YMARunningTextViewController.swift; sourceTree = "<group>"; };
		987792861F95088300A800F9 /* YMAScaleCartButtonViewController.swift */ = {isa = PBXFileReference; lastKnownFileType = sourcecode.swift; path = YMAScaleCartButtonViewController.swift; sourceTree = "<group>"; };
		9877928A1F95146600A800F9 /* YMAAnimatedRoadViewController.swift */ = {isa = PBXFileReference; lastKnownFileType = sourcecode.swift; path = YMAAnimatedRoadViewController.swift; sourceTree = "<group>"; };
		987B78BA1F95FF0400B8EE95 /* YMAJalousieEffectViewController.swift */ = {isa = PBXFileReference; lastKnownFileType = sourcecode.swift; path = YMAJalousieEffectViewController.swift; sourceTree = "<group>"; };
		987B78BD1F95FFF100B8EE95 /* iphonex.png */ = {isa = PBXFileReference; lastKnownFileType = image.png; path = iphonex.png; sourceTree = "<group>"; };
/* End PBXFileReference section */

/* Begin PBXFrameworksBuildPhase section */
		985AF6071F923B0F008B5F25 /* Frameworks */ = {
			isa = PBXFrameworksBuildPhase;
			buildActionMask = 2147483647;
			files = (
			);
			runOnlyForDeploymentPostprocessing = 0;
		};
/* End PBXFrameworksBuildPhase section */

/* Begin PBXGroup section */
		985AF6011F923B0F008B5F25 = {
			isa = PBXGroup;
			children = (
				985AF60C1F923B0F008B5F25 /* Animations */,
				985AF60B1F923B0F008B5F25 /* Products */,
			);
			sourceTree = "<group>";
		};
		985AF60B1F923B0F008B5F25 /* Products */ = {
			isa = PBXGroup;
			children = (
				985AF60A1F923B0F008B5F25 /* Animations.app */,
			);
			name = Products;
			sourceTree = "<group>";
		};
		985AF60C1F923B0F008B5F25 /* Animations */ = {
			isa = PBXGroup;
			children = (
				985AF60D1F923B0F008B5F25 /* AppDelegate.swift */,
				985AF61F1F923E85008B5F25 /* YMAPlanetsViewController.swift */,
				987792841F94FFA500A800F9 /* YMARunningTextViewController.swift */,
				987792861F95088300A800F9 /* YMAScaleCartButtonViewController.swift */,
				985AF6111F923B0F008B5F25 /* Main.storyboard */,
				9877928A1F95146600A800F9 /* YMAAnimatedRoadViewController.swift */,
				987B78BA1F95FF0400B8EE95 /* YMAJalousieEffectViewController.swift */,
				985AF6141F923B0F008B5F25 /* Assets.xcassets */,
				987B78BD1F95FFF100B8EE95 /* iphonex.png */,
				985AF6161F923B0F008B5F25 /* LaunchScreen.storyboard */,
				985AF6191F923B0F008B5F25 /* Info.plist */,
			);
			path = Animations;
			sourceTree = "<group>";
		};
/* End PBXGroup section */

/* Begin PBXNativeTarget section */
		985AF6091F923B0F008B5F25 /* Animations */ = {
			isa = PBXNativeTarget;
			buildConfigurationList = 985AF61C1F923B0F008B5F25 /* Build configuration list for PBXNativeTarget "Animations" */;
			buildPhases = (
				985AF6061F923B0F008B5F25 /* Sources */,
				985AF6071F923B0F008B5F25 /* Frameworks */,
				985AF6081F923B0F008B5F25 /* Resources */,
			);
			buildRules = (
			);
			dependencies = (
			);
			name = Animations;
			productName = Animations;
			productReference = 985AF60A1F923B0F008B5F25 /* Animations.app */;
			productType = "com.apple.product-type.application";
		};
/* End PBXNativeTarget section */

/* Begin PBXProject section */
		985AF6021F923B0F008B5F25 /* Project object */ = {
			isa = PBXProject;
			attributes = {
				CLASSPREFIX = YMA;
				LastSwiftUpdateCheck = 0900;
				LastUpgradeCheck = 0900;
				ORGANIZATIONNAME = "Mikhail Yaskou";
				TargetAttributes = {
					985AF6091F923B0F008B5F25 = {
						CreatedOnToolsVersion = 9.0;
						ProvisioningStyle = Automatic;
					};
				};
			};
			buildConfigurationList = 985AF6051F923B0F008B5F25 /* Build configuration list for PBXProject "Animations" */;
			compatibilityVersion = "Xcode 8.0";
			developmentRegion = en;
			hasScannedForEncodings = 0;
			knownRegions = (
				en,
				Base,
			);
			mainGroup = 985AF6011F923B0F008B5F25;
			productRefGroup = 985AF60B1F923B0F008B5F25 /* Products */;
			projectDirPath = "";
			projectRoot = "";
			targets = (
				985AF6091F923B0F008B5F25 /* Animations */,
			);
		};
/* End PBXProject section */

/* Begin PBXResourcesBuildPhase section */
		985AF6081F923B0F008B5F25 /* Resources */ = {
			isa = PBXResourcesBuildPhase;
			buildActionMask = 2147483647;
			files = (
				985AF6181F923B0F008B5F25 /* LaunchScreen.storyboard in Resources */,
				985AF6151F923B0F008B5F25 /* Assets.xcassets in Resources */,
				985AF6131F923B0F008B5F25 /* Main.storyboard in Resources */,
			);
			runOnlyForDeploymentPostprocessing = 0;
		};
/* End PBXResourcesBuildPhase section */

/* Begin PBXSourcesBuildPhase section */
		985AF6061F923B0F008B5F25 /* Sources */ = {
			isa = PBXSourcesBuildPhase;
			buildActionMask = 2147483647;
			files = (
				987B78BE1F9610D600B8EE95 /* iphonex.png in Sources */,
				9877928B1F95146600A800F9 /* YMAAnimatedRoadViewController.swift in Sources */,
				987B78BB1F95FF0400B8EE95 /* YMAJalousieEffectViewController.swift in Sources */,
				985AF6201F923E85008B5F25 /* YMAPlanetsViewController.swift in Sources */,
				987792871F95088300A800F9 /* YMAScaleCartButtonViewController.swift in Sources */,
				987792851F94FFA500A800F9 /* YMARunningTextViewController.swift in Sources */,
				985AF60E1F923B0F008B5F25 /* AppDelegate.swift in Sources */,
			);
			runOnlyForDeploymentPostprocessing = 0;
		};
/* End PBXSourcesBuildPhase section */

/* Begin PBXVariantGroup section */
		985AF6111F923B0F008B5F25 /* Main.storyboard */ = {
			isa = PBXVariantGroup;
			children = (
				985AF6121F923B0F008B5F25 /* Base */,
			);
			name = Main.storyboard;
			sourceTree = "<group>";
		};
		985AF6161F923B0F008B5F25 /* LaunchScreen.storyboard */ = {
			isa = PBXVariantGroup;
			children = (
				985AF6171F923B0F008B5F25 /* Base */,
			);
			name = LaunchScreen.storyboard;
			sourceTree = "<group>";
		};
/* End PBXVariantGroup section */

/* Begin XCBuildConfiguration section */
		985AF61A1F923B0F008B5F25 /* Debug */ = {
			isa = XCBuildConfiguration;
			buildSettings = {
				ALWAYS_SEARCH_USER_PATHS = NO;
				CLANG_ANALYZER_NONNULL = YES;
				CLANG_ANALYZER_NUMBER_OBJECT_CONVERSION = YES_AGGRESSIVE;
				CLANG_CXX_LANGUAGE_STANDARD = "gnu++14";
				CLANG_CXX_LIBRARY = "libc++";
				CLANG_ENABLE_MODULES = YES;
				CLANG_ENABLE_OBJC_ARC = YES;
				CLANG_WARN_BLOCK_CAPTURE_AUTORELEASING = YES;
				CLANG_WARN_BOOL_CONVERSION = YES;
				CLANG_WARN_COMMA = YES;
				CLANG_WARN_CONSTANT_CONVERSION = YES;
				CLANG_WARN_DIRECT_OBJC_ISA_USAGE = YES_ERROR;
				CLANG_WARN_DOCUMENTATION_COMMENTS = YES;
				CLANG_WARN_EMPTY_BODY = YES;
				CLANG_WARN_ENUM_CONVERSION = YES;
				CLANG_WARN_INFINITE_RECURSION = YES;
				CLANG_WARN_INT_CONVERSION = YES;
				CLANG_WARN_NON_LITERAL_NULL_CONVERSION = YES;
				CLANG_WARN_OBJC_LITERAL_CONVERSION = YES;
				CLANG_WARN_OBJC_ROOT_CLASS = YES_ERROR;
				CLANG_WARN_RANGE_LOOP_ANALYSIS = YES;
				CLANG_WARN_STRICT_PROTOTYPES = YES;
				CLANG_WARN_SUSPICIOUS_MOVE = YES;
				CLANG_WARN_UNGUARDED_AVAILABILITY = YES_AGGRESSIVE;
				CLANG_WARN_UNREACHABLE_CODE = YES;
				CLANG_WARN__DUPLICATE_METHOD_MATCH = YES;
				CODE_SIGN_IDENTITY = "iPhone Developer";
				COPY_PHASE_STRIP = NO;
				DEBUG_INFORMATION_FORMAT = dwarf;
				ENABLE_STRICT_OBJC_MSGSEND = YES;
				ENABLE_TESTABILITY = YES;
				GCC_C_LANGUAGE_STANDARD = gnu11;
				GCC_DYNAMIC_NO_PIC = NO;
				GCC_NO_COMMON_BLOCKS = YES;
				GCC_OPTIMIZATION_LEVEL = 0;
				GCC_PREPROCESSOR_DEFINITIONS = (
					"DEBUG=1",
					"$(inherited)",
				);
				GCC_WARN_64_TO_32_BIT_CONVERSION = YES;
				GCC_WARN_ABOUT_RETURN_TYPE = YES_ERROR;
				GCC_WARN_UNDECLARED_SELECTOR = YES;
				GCC_WARN_UNINITIALIZED_AUTOS = YES_AGGRESSIVE;
				GCC_WARN_UNUSED_FUNCTION = YES;
				GCC_WARN_UNUSED_VARIABLE = YES;
				IPHONEOS_DEPLOYMENT_TARGET = 11.0;
				MTL_ENABLE_DEBUG_INFO = YES;
				ONLY_ACTIVE_ARCH = YES;
				SDKROOT = iphoneos;
				SWIFT_ACTIVE_COMPILATION_CONDITIONS = DEBUG;
				SWIFT_OPTIMIZATION_LEVEL = "-Onone";
			};
			name = Debug;
		};
		985AF61B1F923B0F008B5F25 /* Release */ = {
			isa = XCBuildConfiguration;
			buildSettings = {
				ALWAYS_SEARCH_USER_PATHS = NO;
				CLANG_ANALYZER_NONNULL = YES;
				CLANG_ANALYZER_NUMBER_OBJECT_CONVERSION = YES_AGGRESSIVE;
				CLANG_CXX_LANGUAGE_STANDARD = "gnu++14";
				CLANG_CXX_LIBRARY = "libc++";
				CLANG_ENABLE_MODULES = YES;
				CLANG_ENABLE_OBJC_ARC = YES;
				CLANG_WARN_BLOCK_CAPTURE_AUTORELEASING = YES;
				CLANG_WARN_BOOL_CONVERSION = YES;
				CLANG_WARN_COMMA = YES;
				CLANG_WARN_CONSTANT_CONVERSION = YES;
				CLANG_WARN_DIRECT_OBJC_ISA_USAGE = YES_ERROR;
				CLANG_WARN_DOCUMENTATION_COMMENTS = YES;
				CLANG_WARN_EMPTY_BODY = YES;
				CLANG_WARN_ENUM_CONVERSION = YES;
				CLANG_WARN_INFINITE_RECURSION = YES;
				CLANG_WARN_INT_CONVERSION = YES;
				CLANG_WARN_NON_LITERAL_NULL_CONVERSION = YES;
				CLANG_WARN_OBJC_LITERAL_CONVERSION = YES;
				CLANG_WARN_OBJC_ROOT_CLASS = YES_ERROR;
				CLANG_WARN_RANGE_LOOP_ANALYSIS = YES;
				CLANG_WARN_STRICT_PROTOTYPES = YES;
				CLANG_WARN_SUSPICIOUS_MOVE = YES;
				CLANG_WARN_UNGUARDED_AVAILABILITY = YES_AGGRESSIVE;
				CLANG_WARN_UNREACHABLE_CODE = YES;
				CLANG_WARN__DUPLICATE_METHOD_MATCH = YES;
				CODE_SIGN_IDENTITY = "iPhone Developer";
				COPY_PHASE_STRIP = NO;
				DEBUG_INFORMATION_FORMAT = "dwarf-with-dsym";
				ENABLE_NS_ASSERTIONS = NO;
				ENABLE_STRICT_OBJC_MSGSEND = YES;
				GCC_C_LANGUAGE_STANDARD = gnu11;
				GCC_NO_COMMON_BLOCKS = YES;
				GCC_WARN_64_TO_32_BIT_CONVERSION = YES;
				GCC_WARN_ABOUT_RETURN_TYPE = YES_ERROR;
				GCC_WARN_UNDECLARED_SELECTOR = YES;
				GCC_WARN_UNINITIALIZED_AUTOS = YES_AGGRESSIVE;
				GCC_WARN_UNUSED_FUNCTION = YES;
				GCC_WARN_UNUSED_VARIABLE = YES;
				IPHONEOS_DEPLOYMENT_TARGET = 11.0;
				MTL_ENABLE_DEBUG_INFO = NO;
				SDKROOT = iphoneos;
				SWIFT_OPTIMIZATION_LEVEL = "-Owholemodule";
				VALIDATE_PRODUCT = YES;
			};
			name = Release;
		};
		985AF61D1F923B0F008B5F25 /* Debug */ = {
			isa = XCBuildConfiguration;
			buildSettings = {
				ASSETCATALOG_COMPILER_APPICON_NAME = AppIcon;
				CODE_SIGN_STYLE = Automatic;
				DEVELOPMENT_TEAM = USB64ZNNP6;
				INFOPLIST_FILE = Animations/Info.plist;
				LD_RUNPATH_SEARCH_PATHS = "$(inherited) @executable_path/Frameworks";
				PRODUCT_BUNDLE_IDENTIFIER = YMA.Animations;
				PRODUCT_NAME = "$(TARGET_NAME)";
				SWIFT_VERSION = 4.0;
				TARGETED_DEVICE_FAMILY = "1,2";
			};
			name = Debug;
		};
		985AF61E1F923B0F008B5F25 /* Release */ = {
			isa = XCBuildConfiguration;
			buildSettings = {
				ASSETCATALOG_COMPILER_APPICON_NAME = AppIcon;
				CODE_SIGN_STYLE = Automatic;
				DEVELOPMENT_TEAM = USB64ZNNP6;
				INFOPLIST_FILE = Animations/Info.plist;
				LD_RUNPATH_SEARCH_PATHS = "$(inherited) @executable_path/Frameworks";
				PRODUCT_BUNDLE_IDENTIFIER = YMA.Animations;
				PRODUCT_NAME = "$(TARGET_NAME)";
				SWIFT_VERSION = 4.0;
				TARGETED_DEVICE_FAMILY = "1,2";
			};
			name = Release;
		};
/* End XCBuildConfiguration section */

/* Begin XCConfigurationList section */
		985AF6051F923B0F008B5F25 /* Build configuration list for PBXProject "Animations" */ = {
			isa = XCConfigurationList;
			buildConfigurations = (
				985AF61A1F923B0F008B5F25 /* Debug */,
				985AF61B1F923B0F008B5F25 /* Release */,
			);
			defaultConfigurationIsVisible = 0;
			defaultConfigurationName = Release;
		};
		985AF61C1F923B0F008B5F25 /* Build configuration list for PBXNativeTarget "Animations" */ = {
			isa = XCConfigurationList;
			buildConfigurations = (
				985AF61D1F923B0F008B5F25 /* Debug */,
				985AF61E1F923B0F008B5F25 /* Release */,
			);
			defaultConfigurationIsVisible = 0;
			defaultConfigurationName = Release;
		};
/* End XCConfigurationList section */
	};
	rootObject = 985AF6021F923B0F008B5F25 /* Project object */;
}
